{
  "name": "d3-test",
  "version": "1.0.0",
  "lockfileVersion": 1,
  "requires": true,
  "dependencies": {
    "d3-array": {
      "version": "1.2.4",
      "resolved": "https://registry.npmjs.org/d3-array/-/d3-array-1.2.4.tgz",
      "integrity": "sha512-KHW6M86R+FUPYGb3R5XiYjXPq7VzwxZ22buHhAEVG5ztoEcZZMLov530mmccaqA1GghZArjQV46fuc8kUqhhHw=="
    },
    "d3-axis": {
      "version": "1.0.12",
      "resolved": "https://registry.npmjs.org/d3-axis/-/d3-axis-1.0.12.tgz",
      "integrity": "sha512-ejINPfPSNdGFKEOAtnBtdkpr24c4d4jsei6Lg98mxf424ivoDP2956/5HDpIAtmHo85lqT4pruy+zEgvRUBqaQ=="
    },
    "d3-collection": {
      "version": "1.0.7",
      "resolved": "https://registry.npmjs.org/d3-collection/-/d3-collection-1.0.7.tgz",
      "integrity": "sha512-ii0/r5f4sjKNTfh84Di+DpztYwqKhEyUlKoPrzUFfeSkWxjW49xU2QzO9qrPrNkpdI0XJkfzvmTu8V2Zylln6A=="
    },
    "d3-color": {
      "version": "1.2.3",
      "resolved": "https://registry.npmjs.org/d3-color/-/d3-color-1.2.3.tgz",
      "integrity": "sha512-x37qq3ChOTLd26hnps36lexMRhNXEtVxZ4B25rL0DVdDsGQIJGB18S7y9XDwlDD6MD/ZBzITCf4JjGMM10TZkw=="
    },
    "d3-dispatch": {
      "version": "1.0.2",
      "resolved": "https://registry.npmjs.org/d3-dispatch/-/d3-dispatch-1.0.2.tgz",
      "integrity": "sha1-W1EeeaRqH4lJKEHAqPZWaH1dqgo="
    },
    "d3-drag": {
      "version": "1.0.2",
      "resolved": "https://registry.npmjs.org/d3-drag/-/d3-drag-1.0.2.tgz",
      "integrity": "sha1-1jTMP3aJ+Z3QP9frGvKUXA9DOa0=",
      "requires": {
        "d3-dispatch": "1",
        "d3-selection": "1"
      }
    },
    "d3-ease": {
      "version": "1.0.5",
      "resolved": "https://registry.npmjs.org/d3-ease/-/d3-ease-1.0.5.tgz",
      "integrity": "sha512-Ct1O//ly5y5lFM9YTdu+ygq7LleSgSE4oj7vUt9tPLHUi8VCV7QoizGpdWRWAwCO9LdYzIrQDg97+hGVdsSGPQ=="
    },
    "d3-format": {
      "version": "1.3.2",
      "resolved": "https://registry.npmjs.org/d3-format/-/d3-format-1.3.2.tgz",
      "integrity": "sha512-Z18Dprj96ExragQ0DeGi+SYPQ7pPfRMtUXtsg/ChVIKNBCzjO8XYJvRTC1usblx52lqge56V5ect+frYTQc8WQ=="
    },
    "d3-geo": {
      "version": "1.11.3",
      "resolved": "https://registry.npmjs.org/d3-geo/-/d3-geo-1.11.3.tgz",
      "integrity": "sha512-n30yN9qSKREvV2fxcrhmHUdXP9TNH7ZZj3C/qnaoU0cVf/Ea85+yT7HY7i8ySPwkwjCNYtmKqQFTvLFngfkItQ==",
      "requires": {
        "d3-array": "1"
      }
    },
    "d3-interpolate": {
      "version": "1.3.2",
      "resolved": "https://registry.npmjs.org/d3-interpolate/-/d3-interpolate-1.3.2.tgz",
      "integrity": "sha512-NlNKGopqaz9qM1PXh9gBF1KSCVh+jSFErrSlD/4hybwoNX/gt1d8CDbDW+3i+5UOHhjC6s6nMvRxcuoMVNgL2w==",
      "requires": {
        "d3-color": "1"
      }
    },
    "d3-path": {
      "version": "1.0.7",
      "resolved": "https://registry.npmjs.org/d3-path/-/d3-path-1.0.7.tgz",
      "integrity": "sha512-q0cW1RpvA5c5ma2rch62mX8AYaiLX0+bdaSM2wxSU9tXjU4DNvkx9qiUvjkuWCj3p22UO/hlPivujqMiR9PDzA=="
    },
    "d3-scale": {
      "version": "2.2.2",
      "resolved": "https://registry.npmjs.org/d3-scale/-/d3-scale-2.2.2.tgz",
      "integrity": "sha512-LbeEvGgIb8UMcAa0EATLNX0lelKWGYDQiPdHj+gLblGVhGLyNbaCn3EvrJf0A3Y/uOOU5aD6MTh5ZFCdEwGiCw==",
      "requires": {
        "d3-array": "^1.2.0",
        "d3-collection": "1",
        "d3-format": "1",
        "d3-interpolate": "1",
        "d3-time": "1",
        "d3-time-format": "2"
      }
    },
    "d3-scale-chromatic": {
      "version": "1.3.3",
      "resolved": "https://registry.npmjs.org/d3-scale-chromatic/-/d3-scale-chromatic-1.3.3.tgz",
      "integrity": "sha512-BWTipif1CimXcYfT02LKjAyItX5gKiwxuPRgr4xM58JwlLocWbjPLI7aMEjkcoOQXMkYsmNsvv3d2yl/OKuHHw==",
      "requires": {
        "d3-color": "1",
        "d3-interpolate": "1"
      }
    },
    "d3-selection": {
      "version": "1.4.0",
      "resolved": "https://registry.npmjs.org/d3-selection/-/d3-selection-1.4.0.tgz",
      "integrity": "sha512-EYVwBxQGEjLCKF2pJ4+yrErskDnz5v403qvAid96cNdCMr8rmCYfY5RGzWz24mdIbxmDf6/4EAH+K9xperD5jg=="
    },
    "d3-shape": {
      "version": "1.3.4",
      "resolved": "https://registry.npmjs.org/d3-shape/-/d3-shape-1.3.4.tgz",
      "integrity": "sha512-izaz4fOpOnY3CD17hkZWNxbaN70sIGagLR/5jb6RS96Y+6VqX+q1BQf1av6QSBRdfULi3Gb8Js4CzG4+KAPjMg==",
      "requires": {
        "d3-path": "1"
      }
    },
    "d3-svg-annotation": {
      "version": "2.3.1",
      "resolved": "https://registry.npmjs.org/d3-svg-annotation/-/d3-svg-annotation-2.3.1.tgz",
      "integrity": "sha512-XQotmvV/RsJ0jDD/dw5QFHByALE/Vb/NIOhV2Tsdt5hY974VuVxXUUW2IIXcmsH182mFLT4rGzuw4RjLfcz6FA==",
      "requires": {
        "d3-dispatch": "1.0.2",
        "d3-drag": "1.0.2",
        "d3-selection": "1.0.2",
        "d3-shape": "1.0.4",
        "d3-transition": "1.0.3",
        "marked": "0.3.9"
      },
      "dependencies": {
        "d3-selection": {
          "version": "1.0.2",
          "resolved": "https://registry.npmjs.org/d3-selection/-/d3-selection-1.0.2.tgz",
          "integrity": "sha1-rmYq/UcCrJxdoDmyEHoXZPockHA="
        },
        "d3-shape": {
          "version": "1.0.4",
          "resolved": "https://registry.npmjs.org/d3-shape/-/d3-shape-1.0.4.tgz",
          "integrity": "sha1-FF7hAMy+xC+OPxmWzQXHhvef4cY=",
          "requires": {
            "d3-path": "1"
          }
        }
      }
    },
    "d3-time": {
      "version": "1.0.11",
      "resolved": "https://registry.npmjs.org/d3-time/-/d3-time-1.0.11.tgz",
      "integrity": "sha512-Z3wpvhPLW4vEScGeIMUckDW7+3hWKOQfAWg/U7PlWBnQmeKQ00gCUsTtWSYulrKNA7ta8hJ+xXc6MHrMuITwEw=="
    },
    "d3-time-format": {
      "version": "2.1.3",
      "resolved": "https://registry.npmjs.org/d3-time-format/-/d3-time-format-2.1.3.tgz",
      "integrity": "sha512-6k0a2rZryzGm5Ihx+aFMuO1GgelgIz+7HhB4PH4OEndD5q2zGn1mDfRdNrulspOfR6JXkb2sThhDK41CSK85QA==",
      "requires": {
        "d3-time": "1"
      }
    },
    "d3-timer": {
      "version": "1.0.9",
      "resolved": "https://registry.npmjs.org/d3-timer/-/d3-timer-1.0.9.tgz",
      "integrity": "sha512-rT34J5HnQUHhcLvhSB9GjCkN0Ddd5Y8nCwDBG2u6wQEeYxT/Lf51fTFFkldeib/sE/J0clIe0pnCfs6g/lRbyg=="
    },
    "d3-tip": {
      "version": "0.9.1",
      "resolved": "https://registry.npmjs.org/d3-tip/-/d3-tip-0.9.1.tgz",
      "integrity": "sha512-EVBfG9d+HnjIoyVXfhpytWxlF59JaobwizqMX9EBXtsFmJytjwHeYiUs74ldHQjE7S9vzfKTx2LCtvUrIbuFYg==",
      "requires": {
        "d3-collection": "^1.0.4",
        "d3-selection": "^1.3.0"
      }
    },
    "d3-tooltip": {
      "version": "0.0.1",
      "resolved": "https://registry.npmjs.org/d3-tooltip/-/d3-tooltip-0.0.1.tgz",
      "integrity": "sha1-El6FHrkzT3R3sP/wO3Ytv7XodBQ="
    },
    "d3-transition": {
      "version": "1.0.3",
      "resolved": "https://registry.npmjs.org/d3-transition/-/d3-transition-1.0.3.tgz",
      "integrity": "sha1-kdyYa92zCXNjkyCoXbcs5KsaJ7s=",
      "requires": {
        "d3-color": "1",
        "d3-dispatch": "1",
        "d3-ease": "1",
        "d3-interpolate": "1",
        "d3-selection": "1",
        "d3-timer": "1"
      }
    },
    "marked": {
      "version": "0.3.9",
      "resolved": "https://registry.npmjs.org/marked/-/marked-0.3.9.tgz",
      "integrity": "sha512-nW5u0dxpXxHfkHzzrveY45gCbi+R4PaO4WRZYqZNl+vB0hVGeqlFn0aOg1c8AKL63TrNFn9Bm2UP4AdiZ9TPLw=="
    }
  }
}
